PODS:
  - Flutter (1.0.0)
  - gallery_saver (0.0.1):
    - Flutter
  - image_picker (0.0.1):
    - Flutter
  - images_picker (0.0.1):
    - Flutter
    - ZLPhotoBrowser (= 4.2.0)
  - path_provider_ios (0.0.1):
    - Flutter
  - shared_preferences_ios (0.0.1):
    - Flutter
  - ZLPhotoBrowser (4.2.0):
    - ZLPhotoBrowser/Core (= 4.2.0)
  - ZLPhotoBrowser/Core (4.2.0)

DEPENDENCIES:
  - Flutter (from `Flutter`)
  - gallery_saver (from `.symlinks/plugins/gallery_saver/ios`)
  - image_picker (from `.symlinks/plugins/image_picker/ios`)
  - images_picker (from `.symlinks/plugins/images_picker/ios`)
  - path_provider_ios (from `.symlinks/plugins/path_provider_ios/ios`)
  - shared_preferences_ios (from `.symlinks/plugins/shared_preferences_ios/ios`)

SPEC REPOS:
  trunk:
    - ZLPhotoBrowser

EXTERNAL SOURCES:
  Flutter:
    :path: Flutter
  gallery_saver:
    :path: ".symlinks/plugins/gallery_saver/ios"
  image_picker:
    :path: ".symlinks/plugins/image_picker/ios"
  images_picker:
    :path: ".symlinks/plugins/images_picker/ios"
  path_provider_ios:
    :path: ".symlinks/plugins/path_provider_ios/ios"
  shared_preferences_ios:
    :path: ".symlinks/plugins/shared_preferences_ios/ios"

SPEC CHECKSUMS:
  Flutter: 50d75fe2f02b26cc09d224853bb45737f8b3214a
  gallery_saver: 9fc173c9f4fcc48af53b2a9ebea1b643255be542
  image_picker: 9aa50e1d8cdacdbed739e925b7eea16d014367e6
  images_picker: 8508f4097cec731ab87d47564ed964aa3fe942c7
  path_provider_ios: 7d7ce634493af4477d156294792024ec3485acd5
  shared_preferences_ios: aef470a42dc4675a1cdd50e3158b42e3d1232b32
  ZLPhotoBrowser: 602d505d4f2cf7f309ce973c4353d33e85216d58

PODFILE CHECKSUM: aafe91acc616949ddb318b77800a7f51bffa2a4c

COCOAPODS: 1.11.2
